PODS:
  - Alamofire (4.0.1)
  - AVOSCloud (3.4.3)
  - CocoaLumberjack (2.3.0):
    - CocoaLumberjack/Default (= 2.3.0)
    - CocoaLumberjack/Extensions (= 2.3.0)
  - CocoaLumberjack/Core (2.3.0)
  - CocoaLumberjack/Default (2.3.0):
    - CocoaLumberjack/Core
  - CocoaLumberjack/Extensions (2.3.0):
    - CocoaLumberjack/Default
  - DKImagePickerController (3.4.0):
    - DKImagePickerController/Camera (= 3.4.0)
    - DKImagePickerController/ImageManager (= 3.4.0)
  - DKImagePickerController/Camera (3.4.0)
  - DKImagePickerController/ImageManager (3.4.0)
  - DZNEmptyDataSet (1.8.1)
  - KeychainAccess (3.0.0)
  - MJExtension (3.0.10)
  - OHHTTPStubs (5.0.0):
    - OHHTTPStubs/Default (= 5.0.0)
  - OHHTTPStubs/Core (5.0.0)
  - OHHTTPStubs/Default (5.0.0):
    - OHHTTPStubs/Core
    - OHHTTPStubs/JSON
    - OHHTTPStubs/NSURLSession
    - OHHTTPStubs/OHPathHelpers
  - OHHTTPStubs/JSON (5.0.0):
    - OHHTTPStubs/Core
  - OHHTTPStubs/NSURLSession (5.0.0):
    - OHHTTPStubs/Core
  - OHHTTPStubs/OHPathHelpers (5.0.0)
  - SDCycleScrollView (1.64):
    - SDWebImage (~> 3.7)
  - SDWebImage (3.7.6):
    - SDWebImage/Core (= 3.7.6)
  - SDWebImage/Core (3.7.6)
  - Siren (1.0.2)
  - SVProgressHUD (2.0.3)
  - SwiftyJSON (3.0.0)

DEPENDENCIES:
  - Alamofire (= 4.0.1)
  - AVOSCloud (= 3.4.3)
  - CocoaLumberjack (= 2.3.0)
  - DKImagePickerController (from `https://github.com/zhangao0086/DKImagePickerController.git`, tag `3.4.0`)
  - DZNEmptyDataSet (= 1.8.1)
  - KeychainAccess (= 3.0.0)
  - MJExtension (= 3.0.10)
  - OHHTTPStubs (= 5.0.0)
  - SDCycleScrollView (= 1.64)
  - SDWebImage (= 3.7.6)
  - Siren (= 1.0.2)
  - SVProgressHUD (= 2.0.3)
  - SwiftyJSON (from `https://github.com/SwiftyJSON/SwiftyJSON.git`, tag `3.1.0`)

EXTERNAL SOURCES:
  DKImagePickerController:
    :git: https://github.com/zhangao0086/DKImagePickerController.git
    :tag: 3.4.0
  SwiftyJSON:
    :git: https://github.com/SwiftyJSON/SwiftyJSON.git
    :tag: 3.1.0

CHECKOUT OPTIONS:
  DKImagePickerController:
    :git: https://github.com/zhangao0086/DKImagePickerController.git
    :tag: 3.4.0
  SwiftyJSON:
    :git: https://github.com/SwiftyJSON/SwiftyJSON.git
    :tag: 3.1.0

SPEC CHECKSUMS:
  Alamofire: 7682d43245de14874acd142ec137b144aa1dd335
  AVOSCloud: 0108153c6b7130c399707442f3059ea6016da6c3
  CocoaLumberjack: 97fab7ee5f507fe54445cca7ea80f926729cfd15
  DKImagePickerController: 5e64adbe34c27cc63bc38cccdaf3a40c3b4f729c
  DZNEmptyDataSet: 9525833b9e68ac21c30253e1d3d7076cc828eaa7
  KeychainAccess: 412bf2650d9aebfc8135a58103b90ec38caad7f8
  MJExtension: d86aacb740c87519d20e3cca55b6fa4be6cc7548
  OHHTTPStubs: a5d2e9eea07869d42ec03338325f398bc520e159
  SDCycleScrollView: 806fedb9342ab03b58b84442f985517b42c7cbb7
  SDWebImage: c325cf02c30337336b95beff20a13df489ec0ec9
  Siren: c21bad8c931d32f9cefd6511a42913b0195329fc
  SVProgressHUD: b0830714205bea1317ea1a2ebc71e5633af334d4
  SwiftyJSON: f57b2b44bc166617372d1c70773591fe9f0f5fd4

PODFILE CHECKSUM: a25eba6b6137e40d5bb2ec79245a653d596eca4d

COCOAPODS: 1.1.0.rc.2
