// !$*UTF8*$!
{
	archiveVersion = 1;
	classes = {
	};
	objectVersion = 46;
	objects = {

/* Begin PBXBuildFile section */
		444360E6A6EB351FA53B94EA /* Pods_FinancialAid.framework in Frameworks */ = {isa = PBXBuildFile; fileRef = BE142F92D33A0EC27514D147 /* Pods_FinancialAid.framework */; };
		6AEB7D871CEB3EA900CF415F /* FormTableViewController.swift in Sources */ = {isa = PBXBuildFile; fileRef = 6AEB7D861CEB3EA900CF415F /* FormTableViewController.swift */; };
		6AEB7D8A1CEB469700CF415F /* FillFormWebViewController.swift in Sources */ = {isa = PBXBuildFile; fileRef = 6AEB7D891CEB469700CF415F /* FillFormWebViewController.swift */; };
		F847226A1CEAC6D600B99F03 /* AppDelegate.swift in Sources */ = {isa = PBXBuildFile; fileRef = F84722691CEAC6D600B99F03 /* AppDelegate.swift */; };
		F847226F1CEAC6D600B99F03 /* Main.storyboard in Resources */ = {isa = PBXBuildFile; fileRef = F847226D1CEAC6D600B99F03 /* Main.storyboard */; };
		F84722721CEAC6D600B99F03 /* FinancialAid.xcdatamodeld in Sources */ = {isa = PBXBuildFile; fileRef = F84722701CEAC6D600B99F03 /* FinancialAid.xcdatamodeld */; };
		F84722741CEAC6D600B99F03 /* Assets.xcassets in Resources */ = {isa = PBXBuildFile; fileRef = F84722731CEAC6D600B99F03 /* Assets.xcassets */; };
		F84722771CEAC6D600B99F03 /* LaunchScreen.storyboard in Resources */ = {isa = PBXBuildFile; fileRef = F84722751CEAC6D600B99F03 /* LaunchScreen.storyboard */; };
		F84722821CEAC6D600B99F03 /* FinancialAidTests.swift in Sources */ = {isa = PBXBuildFile; fileRef = F84722811CEAC6D600B99F03 /* FinancialAidTests.swift */; };
		F847228D1CEAC6D600B99F03 /* FinancialAidUITests.swift in Sources */ = {isa = PBXBuildFile; fileRef = F847228C1CEAC6D600B99F03 /* FinancialAidUITests.swift */; };
/* End PBXBuildFile section */

/* Begin PBXContainerItemProxy section */
		F847227E1CEAC6D600B99F03 /* PBXContainerItemProxy */ = {
			isa = PBXContainerItemProxy;
			containerPortal = F847225E1CEAC6D500B99F03 /* Project object */;
			proxyType = 1;
			remoteGlobalIDString = F84722651CEAC6D600B99F03;
			remoteInfo = FinancialAid;
		};
		F84722891CEAC6D600B99F03 /* PBXContainerItemProxy */ = {
			isa = PBXContainerItemProxy;
			containerPortal = F847225E1CEAC6D500B99F03 /* Project object */;
			proxyType = 1;
			remoteGlobalIDString = F84722651CEAC6D600B99F03;
			remoteInfo = FinancialAid;
		};
/* End PBXContainerItemProxy section */

/* Begin PBXFileReference section */
		6AEB7D861CEB3EA900CF415F /* FormTableViewController.swift */ = {isa = PBXFileReference; fileEncoding = 4; lastKnownFileType = sourcecode.swift; path = FormTableViewController.swift; sourceTree = "<group>"; };
		6AEB7D891CEB469700CF415F /* FillFormWebViewController.swift */ = {isa = PBXFileReference; fileEncoding = 4; lastKnownFileType = sourcecode.swift; path = FillFormWebViewController.swift; sourceTree = "<group>"; };
		764AB37AEAD2679AFE1CD583 /* Pods-FinancialAid.debug.xcconfig */ = {isa = PBXFileReference; includeInIndex = 1; lastKnownFileType = text.xcconfig; name = "Pods-FinancialAid.debug.xcconfig"; path = "Pods/Target Support Files/Pods-FinancialAid/Pods-FinancialAid.debug.xcconfig"; sourceTree = "<group>"; };
		BE142F92D33A0EC27514D147 /* Pods_FinancialAid.framework */ = {isa = PBXFileReference; explicitFileType = wrapper.framework; includeInIndex = 0; path = Pods_FinancialAid.framework; sourceTree = BUILT_PRODUCTS_DIR; };
		D9B7EE43ADD7DE61FBB2B4F3 /* Pods-FinancialAid.release.xcconfig */ = {isa = PBXFileReference; includeInIndex = 1; lastKnownFileType = text.xcconfig; name = "Pods-FinancialAid.release.xcconfig"; path = "Pods/Target Support Files/Pods-FinancialAid/Pods-FinancialAid.release.xcconfig"; sourceTree = "<group>"; };
		F84722661CEAC6D600B99F03 /* FinancialAid.app */ = {isa = PBXFileReference; explicitFileType = wrapper.application; includeInIndex = 0; path = FinancialAid.app; sourceTree = BUILT_PRODUCTS_DIR; };
		F84722691CEAC6D600B99F03 /* AppDelegate.swift */ = {isa = PBXFileReference; lastKnownFileType = sourcecode.swift; path = AppDelegate.swift; sourceTree = "<group>"; };
		F847226E1CEAC6D600B99F03 /* Base */ = {isa = PBXFileReference; lastKnownFileType = file.storyboard; name = Base; path = Base.lproj/Main.storyboard; sourceTree = "<group>"; };
		F84722711CEAC6D600B99F03 /* FinancialAid.xcdatamodel */ = {isa = PBXFileReference; lastKnownFileType = wrapper.xcdatamodel; path = FinancialAid.xcdatamodel; sourceTree = "<group>"; };
		F84722731CEAC6D600B99F03 /* Assets.xcassets */ = {isa = PBXFileReference; lastKnownFileType = folder.assetcatalog; path = Assets.xcassets; sourceTree = "<group>"; };
		F84722761CEAC6D600B99F03 /* Base */ = {isa = PBXFileReference; lastKnownFileType = file.storyboard; name = Base; path = Base.lproj/LaunchScreen.storyboard; sourceTree = "<group>"; };
		F84722781CEAC6D600B99F03 /* Info.plist */ = {isa = PBXFileReference; lastKnownFileType = text.plist.xml; path = Info.plist; sourceTree = "<group>"; };
		F847227D1CEAC6D600B99F03 /* FinancialAidTests.xctest */ = {isa = PBXFileReference; explicitFileType = wrapper.cfbundle; includeInIndex = 0; path = FinancialAidTests.xctest; sourceTree = BUILT_PRODUCTS_DIR; };
		F84722811CEAC6D600B99F03 /* FinancialAidTests.swift */ = {isa = PBXFileReference; lastKnownFileType = sourcecode.swift; path = FinancialAidTests.swift; sourceTree = "<group>"; };
		F84722831CEAC6D600B99F03 /* Info.plist */ = {isa = PBXFileReference; lastKnownFileType = text.plist.xml; path = Info.plist; sourceTree = "<group>"; };
		F84722881CEAC6D600B99F03 /* FinancialAidUITests.xctest */ = {isa = PBXFileReference; explicitFileType = wrapper.cfbundle; includeInIndex = 0; path = FinancialAidUITests.xctest; sourceTree = BUILT_PRODUCTS_DIR; };
		F847228C1CEAC6D600B99F03 /* FinancialAidUITests.swift */ = {isa = PBXFileReference; lastKnownFileType = sourcecode.swift; path = FinancialAidUITests.swift; sourceTree = "<group>"; };
		F847228E1CEAC6D600B99F03 /* Info.plist */ = {isa = PBXFileReference; lastKnownFileType = text.plist.xml; path = Info.plist; sourceTree = "<group>"; };
/* End PBXFileReference section */

/* Begin PBXFrameworksBuildPhase section */
		F84722631CEAC6D600B99F03 /* Frameworks */ = {
			isa = PBXFrameworksBuildPhase;
			buildActionMask = 2147483647;
			files = (
				444360E6A6EB351FA53B94EA /* Pods_FinancialAid.framework in Frameworks */,
			);
			runOnlyForDeploymentPostprocessing = 0;
		};
		F847227A1CEAC6D600B99F03 /* Frameworks */ = {
			isa = PBXFrameworksBuildPhase;
			buildActionMask = 2147483647;
			files = (
			);
			runOnlyForDeploymentPostprocessing = 0;
		};
		F84722851CEAC6D600B99F03 /* Frameworks */ = {
			isa = PBXFrameworksBuildPhase;
			buildActionMask = 2147483647;
			files = (
			);
			runOnlyForDeploymentPostprocessing = 0;
		};
/* End PBXFrameworksBuildPhase section */

/* Begin PBXGroup section */
		2AD41B715C51FA0D8966F25A /* Frameworks */ = {
			isa = PBXGroup;
			children = (
				BE142F92D33A0EC27514D147 /* Pods_FinancialAid.framework */,
			);
			name = Frameworks;
			sourceTree = "<group>";
		};
		6AEB7D881CEB3EB900CF415F /* ViewController */ = {
			isa = PBXGroup;
			children = (
				6AEB7D861CEB3EA900CF415F /* FormTableViewController.swift */,
				6AEB7D891CEB469700CF415F /* FillFormWebViewController.swift */,
			);
			name = ViewController;
			sourceTree = "<group>";
		};
		D8631533C1D7ED2FC59A86D6 /* Pods */ = {
			isa = PBXGroup;
			children = (
				764AB37AEAD2679AFE1CD583 /* Pods-FinancialAid.debug.xcconfig */,
				D9B7EE43ADD7DE61FBB2B4F3 /* Pods-FinancialAid.release.xcconfig */,
			);
			name = Pods;
			sourceTree = "<group>";
		};
		F847225D1CEAC6D500B99F03 = {
			isa = PBXGroup;
			children = (
				F84722681CEAC6D600B99F03 /* FinancialAid */,
				F84722801CEAC6D600B99F03 /* FinancialAidTests */,
				F847228B1CEAC6D600B99F03 /* FinancialAidUITests */,
				F84722671CEAC6D600B99F03 /* Products */,
				D8631533C1D7ED2FC59A86D6 /* Pods */,
				2AD41B715C51FA0D8966F25A /* Frameworks */,
			);
			sourceTree = "<group>";
		};
		F84722671CEAC6D600B99F03 /* Products */ = {
			isa = PBXGroup;
			children = (
				F84722661CEAC6D600B99F03 /* FinancialAid.app */,
				F847227D1CEAC6D600B99F03 /* FinancialAidTests.xctest */,
				F84722881CEAC6D600B99F03 /* FinancialAidUITests.xctest */,
			);
			name = Products;
			sourceTree = "<group>";
		};
		F84722681CEAC6D600B99F03 /* FinancialAid */ = {
			isa = PBXGroup;
			children = (
				6AEB7D881CEB3EB900CF415F /* ViewController */,
				F847226D1CEAC6D600B99F03 /* Main.storyboard */,
				F84722731CEAC6D600B99F03 /* Assets.xcassets */,
				F84722691CEAC6D600B99F03 /* AppDelegate.swift */,
				F84722751CEAC6D600B99F03 /* LaunchScreen.storyboard */,
				F84722781CEAC6D600B99F03 /* Info.plist */,
				F84722701CEAC6D600B99F03 /* FinancialAid.xcdatamodeld */,
			);
			path = FinancialAid;
			sourceTree = "<group>";
		};
		F84722801CEAC6D600B99F03 /* FinancialAidTests */ = {
			isa = PBXGroup;
			children = (
				F84722811CEAC6D600B99F03 /* FinancialAidTests.swift */,
				F84722831CEAC6D600B99F03 /* Info.plist */,
			);
			path = FinancialAidTests;
			sourceTree = "<group>";
		};
		F847228B1CEAC6D600B99F03 /* FinancialAidUITests */ = {
			isa = PBXGroup;
			children = (
				F847228C1CEAC6D600B99F03 /* FinancialAidUITests.swift */,
				F847228E1CEAC6D600B99F03 /* Info.plist */,
			);
			path = FinancialAidUITests;
			sourceTree = "<group>";
		};
/* End PBXGroup section */

/* Begin PBXNativeTarget section */
		F84722651CEAC6D600B99F03 /* FinancialAid */ = {
			isa = PBXNativeTarget;
			buildConfigurationList = F84722911CEAC6D600B99F03 /* Build configuration list for PBXNativeTarget "FinancialAid" */;
			buildPhases = (
				F69D87C9B3145386CD82216D /* 📦 Check Pods Manifest.lock */,
				6A929A341CEB4CDC0049603B /* Run Script */,
				F84722621CEAC6D600B99F03 /* Sources */,
				F84722631CEAC6D600B99F03 /* Frameworks */,
				F84722641CEAC6D600B99F03 /* Resources */,
				26AF04F29D0B777A9BF9BBF7 /* 📦 Embed Pods Frameworks */,
				4F419444F92BD64046DC54C4 /* 📦 Copy Pods Resources */,
			);
			buildRules = (
			);
			dependencies = (
			);
			name = FinancialAid;
			productName = FinancialAid;
			productReference = F84722661CEAC6D600B99F03 /* FinancialAid.app */;
			productType = "com.apple.product-type.application";
		};
		F847227C1CEAC6D600B99F03 /* FinancialAidTests */ = {
			isa = PBXNativeTarget;
			buildConfigurationList = F84722941CEAC6D600B99F03 /* Build configuration list for PBXNativeTarget "FinancialAidTests" */;
			buildPhases = (
				F84722791CEAC6D600B99F03 /* Sources */,
				F847227A1CEAC6D600B99F03 /* Frameworks */,
				F847227B1CEAC6D600B99F03 /* Resources */,
			);
			buildRules = (
			);
			dependencies = (
				F847227F1CEAC6D600B99F03 /* PBXTargetDependency */,
			);
			name = FinancialAidTests;
			productName = FinancialAidTests;
			productReference = F847227D1CEAC6D600B99F03 /* FinancialAidTests.xctest */;
			productType = "com.apple.product-type.bundle.unit-test";
		};
		F84722871CEAC6D600B99F03 /* FinancialAidUITests */ = {
			isa = PBXNativeTarget;
			buildConfigurationList = F84722971CEAC6D600B99F03 /* Build configuration list for PBXNativeTarget "FinancialAidUITests" */;
			buildPhases = (
				F84722841CEAC6D600B99F03 /* Sources */,
				F84722851CEAC6D600B99F03 /* Frameworks */,
				F84722861CEAC6D600B99F03 /* Resources */,
			);
			buildRules = (
			);
			dependencies = (
				F847228A1CEAC6D600B99F03 /* PBXTargetDependency */,
			);
			name = FinancialAidUITests;
			productName = FinancialAidUITests;
			productReference = F84722881CEAC6D600B99F03 /* FinancialAidUITests.xctest */;
			productType = "com.apple.product-type.bundle.ui-testing";
		};
/* End PBXNativeTarget section */

/* Begin PBXProject section */
		F847225E1CEAC6D500B99F03 /* Project object */ = {
			isa = PBXProject;
			attributes = {
				LastSwiftUpdateCheck = 0730;
				LastUpgradeCheck = 0730;
				ORGANIZATIONNAME = pku;
				TargetAttributes = {
					F84722651CEAC6D600B99F03 = {
						CreatedOnToolsVersion = 7.3.1;
					};
					F847227C1CEAC6D600B99F03 = {
						CreatedOnToolsVersion = 7.3.1;
						TestTargetID = F84722651CEAC6D600B99F03;
					};
					F84722871CEAC6D600B99F03 = {
						CreatedOnToolsVersion = 7.3.1;
						TestTargetID = F84722651CEAC6D600B99F03;
					};
				};
			};
			buildConfigurationList = F84722611CEAC6D600B99F03 /* Build configuration list for PBXProject "FinancialAid" */;
			compatibilityVersion = "Xcode 3.2";
			developmentRegion = English;
			hasScannedForEncodings = 0;
			knownRegions = (
				en,
				Base,
			);
			mainGroup = F847225D1CEAC6D500B99F03;
			productRefGroup = F84722671CEAC6D600B99F03 /* Products */;
			projectDirPath = "";
			projectRoot = "";
			targets = (
				F84722651CEAC6D600B99F03 /* FinancialAid */,
				F847227C1CEAC6D600B99F03 /* FinancialAidTests */,
				F84722871CEAC6D600B99F03 /* FinancialAidUITests */,
			);
		};
/* End PBXProject section */

/* Begin PBXResourcesBuildPhase section */
		F84722641CEAC6D600B99F03 /* Resources */ = {
			isa = PBXResourcesBuildPhase;
			buildActionMask = 2147483647;
			files = (
				F84722771CEAC6D600B99F03 /* LaunchScreen.storyboard in Resources */,
				F84722741CEAC6D600B99F03 /* Assets.xcassets in Resources */,
				F847226F1CEAC6D600B99F03 /* Main.storyboard in Resources */,
			);
			runOnlyForDeploymentPostprocessing = 0;
		};
		F847227B1CEAC6D600B99F03 /* Resources */ = {
			isa = PBXResourcesBuildPhase;
			buildActionMask = 2147483647;
			files = (
			);
			runOnlyForDeploymentPostprocessing = 0;
		};
		F84722861CEAC6D600B99F03 /* Resources */ = {
			isa = PBXResourcesBuildPhase;
			buildActionMask = 2147483647;
			files = (
			);
			runOnlyForDeploymentPostprocessing = 0;
		};
/* End PBXResourcesBuildPhase section */

/* Begin PBXShellScriptBuildPhase section */
		26AF04F29D0B777A9BF9BBF7 /* 📦 Embed Pods Frameworks */ = {
			isa = PBXShellScriptBuildPhase;
			buildActionMask = 2147483647;
			files = (
			);
			inputPaths = (
			);
			name = "📦 Embed Pods Frameworks";
			outputPaths = (
			);
			runOnlyForDeploymentPostprocessing = 0;
			shellPath = /bin/sh;
			shellScript = "\"${SRCROOT}/Pods/Target Support Files/Pods-FinancialAid/Pods-FinancialAid-frameworks.sh\"\n";
			showEnvVarsInLog = 0;
		};
		4F419444F92BD64046DC54C4 /* 📦 Copy Pods Resources */ = {
			isa = PBXShellScriptBuildPhase;
			buildActionMask = 2147483647;
			files = (
			);
			inputPaths = (
			);
			name = "📦 Copy Pods Resources";
			outputPaths = (
			);
			runOnlyForDeploymentPostprocessing = 0;
			shellPath = /bin/sh;
			shellScript = "\"${SRCROOT}/Pods/Target Support Files/Pods-FinancialAid/Pods-FinancialAid-resources.sh\"\n";
			showEnvVarsInLog = 0;
		};
		6A929A341CEB4CDC0049603B /* Run Script */ = {
			isa = PBXShellScriptBuildPhase;
			buildActionMask = 2147483647;
			files = (
			);
			inputPaths = (
			);
			name = "Run Script";
			outputPaths = (
			);
			runOnlyForDeploymentPostprocessing = 0;
			shellPath = /bin/sh;
			shellScript = "#if which swiftlint >/dev/null; then\n#    swiftlint\n#else\n#    echo \"warning: SwiftLint not installed, download from https://github.com/realm/SwiftLint\"\n#fi";
		};
		F69D87C9B3145386CD82216D /* 📦 Check Pods Manifest.lock */ = {
			isa = PBXShellScriptBuildPhase;
			buildActionMask = 2147483647;
			files = (
			);
			inputPaths = (
			);
			name = "📦 Check Pods Manifest.lock";
			outputPaths = (
			);
			runOnlyForDeploymentPostprocessing = 0;
			shellPath = /bin/sh;
			shellScript = "diff \"${PODS_ROOT}/../Podfile.lock\" \"${PODS_ROOT}/Manifest.lock\" > /dev/null\nif [[ $? != 0 ]] ; then\n    cat << EOM\nerror: The sandbox is not in sync with the Podfile.lock. Run 'pod install' or update your CocoaPods installation.\nEOM\n    exit 1\nfi\n";
			showEnvVarsInLog = 0;
		};
/* End PBXShellScriptBuildPhase section */

/* Begin PBXSourcesBuildPhase section */
		F84722621CEAC6D600B99F03 /* Sources */ = {
			isa = PBXSourcesBuildPhase;
			buildActionMask = 2147483647;
			files = (
				F847226A1CEAC6D600B99F03 /* AppDelegate.swift in Sources */,
				F84722721CEAC6D600B99F03 /* FinancialAid.xcdatamodeld in Sources */,
				6AEB7D8A1CEB469700CF415F /* FillFormWebViewController.swift in Sources */,
				6AEB7D871CEB3EA900CF415F /* FormTableViewController.swift in Sources */,
			);
			runOnlyForDeploymentPostprocessing = 0;
		};
		F84722791CEAC6D600B99F03 /* Sources */ = {
			isa = PBXSourcesBuildPhase;
			buildActionMask = 2147483647;
			files = (
				F84722821CEAC6D600B99F03 /* FinancialAidTests.swift in Sources */,
			);
			runOnlyForDeploymentPostprocessing = 0;
		};
		F84722841CEAC6D600B99F03 /* Sources */ = {
			isa = PBXSourcesBuildPhase;
			buildActionMask = 2147483647;
			files = (
				F847228D1CEAC6D600B99F03 /* FinancialAidUITests.swift in Sources */,
			);
			runOnlyForDeploymentPostprocessing = 0;
		};
/* End PBXSourcesBuildPhase section */

/* Begin PBXTargetDependency section */
		F847227F1CEAC6D600B99F03 /* PBXTargetDependency */ = {
			isa = PBXTargetDependency;
			target = F84722651CEAC6D600B99F03 /* FinancialAid */;
			targetProxy = F847227E1CEAC6D600B99F03 /* PBXContainerItemProxy */;
		};
		F847228A1CEAC6D600B99F03 /* PBXTargetDependency */ = {
			isa = PBXTargetDependency;
			target = F84722651CEAC6D600B99F03 /* FinancialAid */;
			targetProxy = F84722891CEAC6D600B99F03 /* PBXContainerItemProxy */;
		};
/* End PBXTargetDependency section */

/* Begin PBXVariantGroup section */
		F847226D1CEAC6D600B99F03 /* Main.storyboard */ = {
			isa = PBXVariantGroup;
			children = (
				F847226E1CEAC6D600B99F03 /* Base */,
			);
			name = Main.storyboard;
			sourceTree = "<group>";
		};
		F84722751CEAC6D600B99F03 /* LaunchScreen.storyboard */ = {
			isa = PBXVariantGroup;
			children = (
				F84722761CEAC6D600B99F03 /* Base */,
			);
			name = LaunchScreen.storyboard;
			sourceTree = "<group>";
		};
/* End PBXVariantGroup section */

/* Begin XCBuildConfiguration section */
		F847228F1CEAC6D600B99F03 /* Debug */ = {
			isa = XCBuildConfiguration;
			buildSettings = {
				ALWAYS_SEARCH_USER_PATHS = NO;
				CLANG_ANALYZER_NONNULL = YES;
				CLANG_CXX_LANGUAGE_STANDARD = "gnu++0x";
				CLANG_CXX_LIBRARY = "libc++";
				CLANG_ENABLE_MODULES = YES;
				CLANG_ENABLE_OBJC_ARC = YES;
				CLANG_WARN_BOOL_CONVERSION = YES;
				CLANG_WARN_CONSTANT_CONVERSION = YES;
				CLANG_WARN_DIRECT_OBJC_ISA_USAGE = YES_ERROR;
				CLANG_WARN_EMPTY_BODY = YES;
				CLANG_WARN_ENUM_CONVERSION = YES;
				CLANG_WARN_INT_CONVERSION = YES;
				CLANG_WARN_OBJC_ROOT_CLASS = YES_ERROR;
				CLANG_WARN_UNREACHABLE_CODE = YES;
				CLANG_WARN__DUPLICATE_METHOD_MATCH = YES;
				"CODE_SIGN_IDENTITY[sdk=iphoneos*]" = "iPhone Developer";
				COPY_PHASE_STRIP = NO;
				DEBUG_INFORMATION_FORMAT = dwarf;
				ENABLE_STRICT_OBJC_MSGSEND = YES;
				ENABLE_TESTABILITY = YES;
				GCC_C_LANGUAGE_STANDARD = gnu99;
				GCC_DYNAMIC_NO_PIC = NO;
				GCC_NO_COMMON_BLOCKS = YES;
				GCC_OPTIMIZATION_LEVEL = 0;
				GCC_PREPROCESSOR_DEFINITIONS = (
					"DEBUG=1",
					"$(inherited)",
				);
				GCC_WARN_64_TO_32_BIT_CONVERSION = YES;
				GCC_WARN_ABOUT_RETURN_TYPE = YES_ERROR;
				GCC_WARN_UNDECLARED_SELECTOR = YES;
				GCC_WARN_UNINITIALIZED_AUTOS = YES_AGGRESSIVE;
				GCC_WARN_UNUSED_FUNCTION = YES;
				GCC_WARN_UNUSED_VARIABLE = YES;
				IPHONEOS_DEPLOYMENT_TARGET = 9.3;
				MTL_ENABLE_DEBUG_INFO = YES;
				ONLY_ACTIVE_ARCH = YES;
				SDKROOT = iphoneos;
				SWIFT_OPTIMIZATION_LEVEL = "-Onone";
				TARGETED_DEVICE_FAMILY = "1,2";
			};
			name = Debug;
		};
		F84722901CEAC6D600B99F03 /* Release */ = {
			isa = XCBuildConfiguration;
			buildSettings = {
				ALWAYS_SEARCH_USER_PATHS = NO;
				CLANG_ANALYZER_NONNULL = YES;
				CLANG_CXX_LANGUAGE_STANDARD = "gnu++0x";
				CLANG_CXX_LIBRARY = "libc++";
				CLANG_ENABLE_MODULES = YES;
				CLANG_ENABLE_OBJC_ARC = YES;
				CLANG_WARN_BOOL_CONVERSION = YES;
				CLANG_WARN_CONSTANT_CONVERSION = YES;
				CLANG_WARN_DIRECT_OBJC_ISA_USAGE = YES_ERROR;
				CLANG_WARN_EMPTY_BODY = YES;
				CLANG_WARN_ENUM_CONVERSION = YES;
				CLANG_WARN_INT_CONVERSION = YES;
				CLANG_WARN_OBJC_ROOT_CLASS = YES_ERROR;
				CLANG_WARN_UNREACHABLE_CODE = YES;
				CLANG_WARN__DUPLICATE_METHOD_MATCH = YES;
				"CODE_SIGN_IDENTITY[sdk=iphoneos*]" = "iPhone Developer";
				COPY_PHASE_STRIP = NO;
				DEBUG_INFORMATION_FORMAT = "dwarf-with-dsym";
				ENABLE_NS_ASSERTIONS = NO;
				ENABLE_STRICT_OBJC_MSGSEND = YES;
				GCC_C_LANGUAGE_STANDARD = gnu99;
				GCC_NO_COMMON_BLOCKS = YES;
				GCC_WARN_64_TO_32_BIT_CONVERSION = YES;
				GCC_WARN_ABOUT_RETURN_TYPE = YES_ERROR;
				GCC_WARN_UNDECLARED_SELECTOR = YES;
				GCC_WARN_UNINITIALIZED_AUTOS = YES_AGGRESSIVE;
				GCC_WARN_UNUSED_FUNCTION = YES;
				GCC_WARN_UNUSED_VARIABLE = YES;
				IPHONEOS_DEPLOYMENT_TARGET = 9.3;
				MTL_ENABLE_DEBUG_INFO = NO;
				SDKROOT = iphoneos;
				TARGETED_DEVICE_FAMILY = "1,2";
				VALIDATE_PRODUCT = YES;
			};
			name = Release;
		};
		F84722921CEAC6D600B99F03 /* Debug */ = {
			isa = XCBuildConfiguration;
			baseConfigurationReference = 764AB37AEAD2679AFE1CD583 /* Pods-FinancialAid.debug.xcconfig */;
			buildSettings = {
				ASSETCATALOG_COMPILER_APPICON_NAME = AppIcon;
				INFOPLIST_FILE = FinancialAid/Info.plist;
				LD_RUNPATH_SEARCH_PATHS = "$(inherited) @executable_path/Frameworks";
				PRODUCT_BUNDLE_IDENTIFIER = edu.pku.netlab.FinancialAid;
				PRODUCT_NAME = "$(TARGET_NAME)";
				TARGETED_DEVICE_FAMILY = 1;
			};
			name = Debug;
		};
		F84722931CEAC6D600B99F03 /* Release */ = {
			isa = XCBuildConfiguration;
			baseConfigurationReference = D9B7EE43ADD7DE61FBB2B4F3 /* Pods-FinancialAid.release.xcconfig */;
			buildSettings = {
				ASSETCATALOG_COMPILER_APPICON_NAME = AppIcon;
				INFOPLIST_FILE = FinancialAid/Info.plist;
				LD_RUNPATH_SEARCH_PATHS = "$(inherited) @executable_path/Frameworks";
				PRODUCT_BUNDLE_IDENTIFIER = edu.pku.netlab.FinancialAid;
				PRODUCT_NAME = "$(TARGET_NAME)";
				TARGETED_DEVICE_FAMILY = 1;
			};
			name = Release;
		};
		F84722951CEAC6D600B99F03 /* Debug */ = {
			isa = XCBuildConfiguration;
			buildSettings = {
				BUNDLE_LOADER = "$(TEST_HOST)";
				INFOPLIST_FILE = FinancialAidTests/Info.plist;
				LD_RUNPATH_SEARCH_PATHS = "$(inherited) @executable_path/Frameworks @loader_path/Frameworks";
				PRODUCT_BUNDLE_IDENTIFIER = edu.pku.netlab.FinancialAidTests;
				PRODUCT_NAME = "$(TARGET_NAME)";
				TEST_HOST = "$(BUILT_PRODUCTS_DIR)/FinancialAid.app/FinancialAid";
			};
			name = Debug;
		};
		F84722961CEAC6D600B99F03 /* Release */ = {
			isa = XCBuildConfiguration;
			buildSettings = {
				BUNDLE_LOADER = "$(TEST_HOST)";
				INFOPLIST_FILE = FinancialAidTests/Info.plist;
				LD_RUNPATH_SEARCH_PATHS = "$(inherited) @executable_path/Frameworks @loader_path/Frameworks";
				PRODUCT_BUNDLE_IDENTIFIER = edu.pku.netlab.FinancialAidTests;
				PRODUCT_NAME = "$(TARGET_NAME)";
				TEST_HOST = "$(BUILT_PRODUCTS_DIR)/FinancialAid.app/FinancialAid";
			};
			name = Release;
		};
		F84722981CEAC6D600B99F03 /* Debug */ = {
			isa = XCBuildConfiguration;
			buildSettings = {
				INFOPLIST_FILE = FinancialAidUITests/Info.plist;
				LD_RUNPATH_SEARCH_PATHS = "$(inherited) @executable_path/Frameworks @loader_path/Frameworks";
				PRODUCT_BUNDLE_IDENTIFIER = edu.pku.netlab.FinancialAidUITests;
				PRODUCT_NAME = "$(TARGET_NAME)";
				TEST_TARGET_NAME = FinancialAid;
			};
			name = Debug;
		};
		F84722991CEAC6D600B99F03 /* Release */ = {
			isa = XCBuildConfiguration;
			buildSettings = {
				INFOPLIST_FILE = FinancialAidUITests/Info.plist;
				LD_RUNPATH_SEARCH_PATHS = "$(inherited) @executable_path/Frameworks @loader_path/Frameworks";
				PRODUCT_BUNDLE_IDENTIFIER = edu.pku.netlab.FinancialAidUITests;
				PRODUCT_NAME = "$(TARGET_NAME)";
				TEST_TARGET_NAME = FinancialAid;
			};
			name = Release;
		};
/* End XCBuildConfiguration section */

/* Begin XCConfigurationList section */
		F84722611CEAC6D600B99F03 /* Build configuration list for PBXProject "FinancialAid" */ = {
			isa = XCConfigurationList;
			buildConfigurations = (
				F847228F1CEAC6D600B99F03 /* Debug */,
				F84722901CEAC6D600B99F03 /* Release */,
			);
			defaultConfigurationIsVisible = 0;
			defaultConfigurationName = Release;
		};
		F84722911CEAC6D600B99F03 /* Build configuration list for PBXNativeTarget "FinancialAid" */ = {
			isa = XCConfigurationList;
			buildConfigurations = (
				F84722921CEAC6D600B99F03 /* Debug */,
				F84722931CEAC6D600B99F03 /* Release */,
			);
			defaultConfigurationIsVisible = 0;
			defaultConfigurationName = Release;
		};
		F84722941CEAC6D600B99F03 /* Build configuration list for PBXNativeTarget "FinancialAidTests" */ = {
			isa = XCConfigurationList;
			buildConfigurations = (
				F84722951CEAC6D600B99F03 /* Debug */,
				F84722961CEAC6D600B99F03 /* Release */,
			);
			defaultConfigurationIsVisible = 0;
			defaultConfigurationName = Release;
		};
		F84722971CEAC6D600B99F03 /* Build configuration list for PBXNativeTarget "FinancialAidUITests" */ = {
			isa = XCConfigurationList;
			buildConfigurations = (
				F84722981CEAC6D600B99F03 /* Debug */,
				F84722991CEAC6D600B99F03 /* Release */,
			);
			defaultConfigurationIsVisible = 0;
			defaultConfigurationName = Release;
		};
/* End XCConfigurationList section */

/* Begin XCVersionGroup section */
		F84722701CEAC6D600B99F03 /* FinancialAid.xcdatamodeld */ = {
			isa = XCVersionGroup;
			children = (
				F84722711CEAC6D600B99F03 /* FinancialAid.xcdatamodel */,
			);
			currentVersion = F84722711CEAC6D600B99F03 /* FinancialAid.xcdatamodel */;
			path = FinancialAid.xcdatamodeld;
			sourceTree = "<group>";
			versionGroupType = wrapper.xcdatamodel;
		};
/* End XCVersionGroup section */
	};
	rootObject = F847225E1CEAC6D500B99F03 /* Project object */;
}
